github.com/connctd/api-go v0.0.1 h1:uPaViJQnWzQEo0xYGJOnhAAyviR8eJZZIkWrJ48irDU=
github.com/connctd/api-go v0.0.1/go.mod h1:B1YXvl8/5TvUB1TNoUbpVq+KEqNUZQUjF6nmdKtTG+s=
github.com/connctd/connector-go v0.0.0-20210826081925-40807b693708 h1:0IHbneCh/PJn8LTPoUJRuk16WhFMDi3Bhj2Spb7bapc=
github.com/connctd/connector-go v0.0.0-20210826081925-40807b693708/go.mod h1:6TOACWRYxlJLAdhhkUo478uZhuwztc3wZ5tcu0krvq0=
github.com/connctd/restapi-go v0.0.3-0.20210621141557-c927ea01e1f2 h1:igoL9tMk2KbHfreEENmuzheaJ9PuQ9biyDwnBkO4Bzk=
github.com/connctd/restapi-go v0.0.3-0.20210621141557-c927ea01e1f2/go.mod h1:LcHfnyb/K2HNcnYBj5UlWgIcm32hduyIbGSHS9r8hK4=
github.com/davecgh/go-spew v1.1.0/go.mod h1:J7Y8YcW2NihsgmVo/mv3lAwl/skON4iLHjSsI+c5H38=
github.com/davecgh/go-spew v1.1.1/go.mod h1:J7Y8YcW2NihsgmVo/mv3lAwl/skON4iLHjSsI+c5H38=
github.com/go-logr/logr v0.3.0 h1:q4c+kbcR0d5rSurhBR8dIgieOaYpXtsdTYfx22Cu6rs=
github.com/go-logr/logr v0.3.0/go.mod h1:z6/tIYblkpsD+a4lm/fGIIU9mZ+XfAiaFtq7xTgseGU=
github.com/go-logr/stdr v0.3.0 h1:GzFt/sOHlPMqsh46UTAaIDWPFq3DdNGcF4rwMjhTBVo=
github.com/go-logr/stdr v0.3.0/go.mod h1:NO1vneyJDqKVgJYnxhwXWWmQPOvNM391IG3H8ql3jiA=
github.com/gorilla/mux v1.8.0 h1:i40aqfkR1h2SlN9hojwV5ZA91wcXFOvkdNIeFDP5koI=
github.com/gorilla/mux v1.8.0/go.mod h1:DVbg23sWSpFRCP0SfiEN6jmj59UnW/n46BH5rLB71So=
github.com/pmezard/go-difflib v1.0.0/go.mod h1:iKH77koFhYxTK1pcRnkKkqfTogsbg7gZNVY4sRDYZ/4=
github.com/sirupsen/logrus v1.8.1 h1:dJKuHgqk1NNQlqoA6BTlM1Wf9DOH3NBjQyu0h9+AZZE=
github.com/sirupsen/logrus v1.8.1/go.mod h1:yWOB1SBYBC5VeMP7gHvWumXLIWorT60ONWic61uBYv0=
github.com/stretchr/objx v0.1.0/go.mod h1:HFkY916IF+rwdDfMAkV7OtwuqBVzrE8GR6GFx+wExME=
github.com/stretchr/testify v1.2.2/go.mod h1:a8OnRcib4nhh0OaRAV+Yts87kKdq0PP7pXfy6kDkUVs=
github.com/stretchr/testify v1.6.1/go.mod h1:6Fq8oRcR53rry900zMqJjRRixrwX3KX962/h/Wwjteg=
golang.org/x/sys v0.0.0-20191026070338-33540a1f6037 h1:YyJpGZS1sBuBCzLAR1VEpK193GlqGZbnPFnPV/5Rsb4=
golang.org/x/sys v0.0.0-20191026070338-33540a1f6037/go.mod h1:h1NjWce9XRLGQEsW7wpKNCjG9DtNlClVuFLEZdDNbEs=
gopkg.in/check.v1 v0.0.0-20161208181325-20d25e280405/go.mod h1:Co6ibVJAznAaIkqp8huTwlJQCZ016jof/cbN4VW5Yz0=
gopkg.in/yaml.v3 v3.0.0-20200313102051-9f266ea9e77c/go.mod h1:K4uyk7z7BCEPqu6E+C64Yfv1cQ7kz7rIZviUmN+EgEM=
